{
    "_readme": [
        "This file locks the dependencies of your project to a known state",
        "Read more about it at https://getcomposer.org/doc/01-basic-usage.md#installing-dependencies",
        "This file is @generated automatically"
    ],
    "content-hash": "30095d76c908356361c2188e2f62c12b",
    "packages": [
        {
            "name": "container-interop/container-interop",
            "version": "1.2.0",
            "source": {
                "type": "git",
                "url": "https://github.com/container-interop/container-interop.git",
                "reference": "79cbf1341c22ec75643d841642dd5d6acd83bdb8"
            },
            "dist": {
                "type": "zip",
                "url": "https://api.github.com/repos/container-interop/container-interop/zipball/79cbf1341c22ec75643d841642dd5d6acd83bdb8",
                "reference": "79cbf1341c22ec75643d841642dd5d6acd83bdb8",
                "shasum": ""
            },
            "require": {
                "psr/container": "^1.0"
            },
            "type": "library",
            "autoload": {
                "psr-4": {
                    "Interop\\Container\\": "src/Interop/Container/"
                }
            },
            "notification-url": "https://packagist.org/downloads/",
            "license": [
                "MIT"
            ],
            "description": "Promoting the interoperability of container objects (DIC, SL, etc.)",
            "homepage": "https://github.com/container-interop/container-interop",
            "time": "2017-02-14T19:40:03+00:00"
        },
        {
            "name": "psr/container",
            "version": "1.0.0",
            "source": {
                "type": "git",
                "url": "https://github.com/php-fig/container.git",
                "reference": "b7ce3b176482dbbc1245ebf52b181af44c2cf55f"
            },
            "dist": {
                "type": "zip",
                "url": "https://api.github.com/repos/php-fig/container/zipball/b7ce3b176482dbbc1245ebf52b181af44c2cf55f",
                "reference": "b7ce3b176482dbbc1245ebf52b181af44c2cf55f",
                "shasum": ""
            },
            "require": {
                "php": ">=5.3.0"
            },
            "type": "library",
            "extra": {
                "branch-alias": {
                    "dev-master": "1.0.x-dev"
                }
            },
            "autoload": {
                "psr-4": {
                    "Psr\\Container\\": "src/"
                }
            },
            "notification-url": "https://packagist.org/downloads/",
            "license": [
                "MIT"
            ],
            "authors": [
                {
                    "name": "PHP-FIG",
                    "homepage": "http://www.php-fig.org/"
                }
            ],
            "description": "Common Container Interface (PHP FIG PSR-11)",
            "homepage": "https://github.com/php-fig/container",
            "keywords": [
                "PSR-11",
                "container",
                "container-interface",
                "container-interop",
                "psr"
            ],
            "time": "2017-02-14T16:28:37+00:00"
        },
        {
            "name": "zendframework/zend-servicemanager",
            "version": "3.3.2",
            "source": {
                "type": "git",
                "url": "https://github.com/zendframework/zend-servicemanager.git",
                "reference": "9f35a104b8d4d3b32da5f4a3b6efc0dd62e5af42"
            },
            "dist": {
                "type": "zip",
                "url": "https://api.github.com/repos/zendframework/zend-servicemanager/zipball/9f35a104b8d4d3b32da5f4a3b6efc0dd62e5af42",
                "reference": "9f35a104b8d4d3b32da5f4a3b6efc0dd62e5af42",
                "shasum": ""
            },
            "require": {
                "container-interop/container-interop": "^1.2",
                "php": "^5.6 || ^7.0",
                "psr/container": "^1.0",
                "zendframework/zend-stdlib": "^3.1"
            },
            "provide": {
                "container-interop/container-interop-implementation": "^1.2",
                "psr/container-implementation": "^1.0"
            },
            "require-dev": {
                "mikey179/vfsstream": "^1.6.5",
                "ocramius/proxy-manager": "^1.0 || ^2.0",
                "phpbench/phpbench": "^0.13.0",
                "phpunit/phpunit": "^5.7.25 || ^6.4.4",
                "zendframework/zend-coding-standard": "~1.0.0"
            },
            "suggest": {
                "ocramius/proxy-manager": "ProxyManager 1.* to handle lazy initialization of services",
                "zendframework/zend-stdlib": "zend-stdlib ^2.5 if you wish to use the MergeReplaceKey or MergeRemoveKey features in Config instances"
            },
            "bin": [
                "bin/generate-deps-for-config-factory",
                "bin/generate-factory-for-class"
            ],
            "type": "library",
            "extra": {
                "branch-alias": {
                    "dev-master": "3.3-dev",
                    "dev-develop": "4.0-dev"
                }
            },
            "autoload": {
                "psr-4": {
                    "Zend\\ServiceManager\\": "src/"
                }
            },
            "notification-url": "https://packagist.org/downloads/",
            "license": [
                "BSD-3-Clause"
            ],
            "description": "Factory-Driven Dependency Injection Container",
            "keywords": [
                "PSR-11",
                "ZendFramework",
                "dependency-injection",
                "di",
                "dic",
                "service-manager",
                "servicemanager",
                "zf"
            ],
            "time": "2018-01-29T16:48:37+00:00"
        },
        {
            "name": "zendframework/zend-stdlib",
            "version": "3.2.0",
            "source": {
                "type": "git",
                "url": "https://github.com/zendframework/zend-stdlib.git",
                "reference": "cd164b4a18b5d1aeb69be2c26db035b5ed6925ae"
            },
            "dist": {
                "type": "zip",
                "url": "https://api.github.com/repos/zendframework/zend-stdlib/zipball/cd164b4a18b5d1aeb69be2c26db035b5ed6925ae",
                "reference": "cd164b4a18b5d1aeb69be2c26db035b5ed6925ae",
                "shasum": ""
            },
            "require": {
                "php": "^5.6 || ^7.0"
            },
            "require-dev": {
                "phpbench/phpbench": "^0.13",
                "phpunit/phpunit": "^5.7.27 || ^6.5.8 || ^7.1.2",
                "zendframework/zend-coding-standard": "~1.0.0"
            },
            "type": "library",
            "extra": {
                "branch-alias": {
                    "dev-master": "3.2.x-dev",
                    "dev-develop": "3.3.x-dev"
                }
            },
            "autoload": {
                "psr-4": {
                    "Zend\\Stdlib\\": "src/"
                }
            },
            "notification-url": "https://packagist.org/downloads/",
            "license": [
                "BSD-3-Clause"
            ],
            "description": "SPL extensions, array utilities, error handlers, and more",
            "keywords": [
                "ZendFramework",
                "stdlib",
                "zf"
            ],
            "time": "2018-04-30T13:50:40+00:00"
        }
    ],
    "packages-dev": [],
    "aliases": [],
    "minimum-stability": "stable",
    "stability-flags": [],
    "prefer-stable": false,
    "prefer-lowest": false,
    "platform": {
        "php": ">=7.1"
    },
    "platform-dev": []
}
